// !$*UTF8*$!
{
	archiveVersion = 1;
	classes = {
	};
	objectVersion = 56;
	objects = {

/* Begin PBXBuildFile section */
		C1667C7F29B885D00011EA81 /* AppDelegate.swift in Sources */ = {isa = PBXBuildFile; fileRef = C1667C7E29B885D00011EA81 /* AppDelegate.swift */; };
		C1667C8129B885D00011EA81 /* SceneDelegate.swift in Sources */ = {isa = PBXBuildFile; fileRef = C1667C8029B885D00011EA81 /* SceneDelegate.swift */; };
		C1667C8329B885D00011EA81 /* ComicViewController.swift in Sources */ = {isa = PBXBuildFile; fileRef = C1667C8229B885D00011EA81 /* ComicViewController.swift */; };
		C1667C8829B885D20011EA81 /* Assets.xcassets in Resources */ = {isa = PBXBuildFile; fileRef = C1667C8729B885D20011EA81 /* Assets.xcassets */; };
		C1667C8B29B885D20011EA81 /* LaunchScreen.storyboard in Resources */ = {isa = PBXBuildFile; fileRef = C1667C8929B885D20011EA81 /* LaunchScreen.storyboard */; };
		C1667C9A29B888D90011EA81 /* SnapKit in Frameworks */ = {isa = PBXBuildFile; productRef = C1667C9929B888D90011EA81 /* SnapKit */; };
		C1667C9D29B888E60011EA81 /* Alamofire in Frameworks */ = {isa = PBXBuildFile; productRef = C1667C9C29B888E60011EA81 /* Alamofire */; };
		C1667C9F29B8A0A90011EA81 /* ComicViewCell.swift in Sources */ = {isa = PBXBuildFile; fileRef = C1667C9E29B8A0A90011EA81 /* ComicViewCell.swift */; };
		C1667CA229B8B7AB0011EA81 /* UIColor + Ext.swift in Sources */ = {isa = PBXBuildFile; fileRef = C1667CA129B8B7AB0011EA81 /* UIColor + Ext.swift */; };
		C1667CA629B8C7660011EA81 /* ComicModel.swift in Sources */ = {isa = PBXBuildFile; fileRef = C1667CA529B8C7660011EA81 /* ComicModel.swift */; };
		C1667CA829B8C9C60011EA81 /* NetworkingService.swift in Sources */ = {isa = PBXBuildFile; fileRef = C1667CA729B8C9C60011EA81 /* NetworkingService.swift */; };
		C1667CAA29B8C9DF0011EA81 /* NetworkingError.swift in Sources */ = {isa = PBXBuildFile; fileRef = C1667CA929B8C9DF0011EA81 /* NetworkingError.swift */; };
		C1E8841429B9CF1C005E4B78 /* DetailViewController.swift in Sources */ = {isa = PBXBuildFile; fileRef = C1E8841329B9CF1C005E4B78 /* DetailViewController.swift */; };
/* End PBXBuildFile section */

/* Begin PBXFileReference section */
		C1667C7B29B885D00011EA81 /* MarvelComicsAlamofire.app */ = {isa = PBXFileReference; explicitFileType = wrapper.application; includeInIndex = 0; path = MarvelComicsAlamofire.app; sourceTree = BUILT_PRODUCTS_DIR; };
		C1667C7E29B885D00011EA81 /* AppDelegate.swift */ = {isa = PBXFileReference; lastKnownFileType = sourcecode.swift; path = AppDelegate.swift; sourceTree = "<group>"; };
		C1667C8029B885D00011EA81 /* SceneDelegate.swift */ = {isa = PBXFileReference; lastKnownFileType = sourcecode.swift; path = SceneDelegate.swift; sourceTree = "<group>"; };
		C1667C8229B885D00011EA81 /* ComicViewController.swift */ = {isa = PBXFileReference; lastKnownFileType = sourcecode.swift; path = ComicViewController.swift; sourceTree = "<group>"; };
		C1667C8729B885D20011EA81 /* Assets.xcassets */ = {isa = PBXFileReference; lastKnownFileType = folder.assetcatalog; path = Assets.xcassets; sourceTree = "<group>"; };
		C1667C8A29B885D20011EA81 /* Base */ = {isa = PBXFileReference; lastKnownFileType = file.storyboard; name = Base; path = Base.lproj/LaunchScreen.storyboard; sourceTree = "<group>"; };
		C1667C8C29B885D20011EA81 /* Info.plist */ = {isa = PBXFileReference; lastKnownFileType = text.plist.xml; path = Info.plist; sourceTree = "<group>"; };
		C1667C9E29B8A0A90011EA81 /* ComicViewCell.swift */ = {isa = PBXFileReference; lastKnownFileType = sourcecode.swift; path = ComicViewCell.swift; sourceTree = "<group>"; };
		C1667CA129B8B7AB0011EA81 /* UIColor + Ext.swift */ = {isa = PBXFileReference; lastKnownFileType = sourcecode.swift; path = "UIColor + Ext.swift"; sourceTree = "<group>"; };
		C1667CA529B8C7660011EA81 /* ComicModel.swift */ = {isa = PBXFileReference; lastKnownFileType = sourcecode.swift; path = ComicModel.swift; sourceTree = "<group>"; };
		C1667CA729B8C9C60011EA81 /* NetworkingService.swift */ = {isa = PBXFileReference; lastKnownFileType = sourcecode.swift; path = NetworkingService.swift; sourceTree = "<group>"; };
		C1667CA929B8C9DF0011EA81 /* NetworkingError.swift */ = {isa = PBXFileReference; lastKnownFileType = sourcecode.swift; path = NetworkingError.swift; sourceTree = "<group>"; };
		C1E8841329B9CF1C005E4B78 /* DetailViewController.swift */ = {isa = PBXFileReference; lastKnownFileType = sourcecode.swift; path = DetailViewController.swift; sourceTree = "<group>"; };
/* End PBXFileReference section */

/* Begin PBXFrameworksBuildPhase section */
		C1667C7829B885D00011EA81 /* Frameworks */ = {
			isa = PBXFrameworksBuildPhase;
			buildActionMask = 2147483647;
			files = (
				C1667C9A29B888D90011EA81 /* SnapKit in Frameworks */,
				C1667C9D29B888E60011EA81 /* Alamofire in Frameworks */,
			);
			runOnlyForDeploymentPostprocessing = 0;
		};
/* End PBXFrameworksBuildPhase section */

/* Begin PBXGroup section */
		C1667C7229B885D00011EA81 = {
			isa = PBXGroup;
			children = (
				C1667C7D29B885D00011EA81 /* MarvelComicsAlamofire */,
				C1667C7C29B885D00011EA81 /* Products */,
			);
			sourceTree = "<group>";
		};
		C1667C7C29B885D00011EA81 /* Products */ = {
			isa = PBXGroup;
			children = (
				C1667C7B29B885D00011EA81 /* MarvelComicsAlamofire.app */,
			);
			name = Products;
			sourceTree = "<group>";
		};
		C1667C7D29B885D00011EA81 /* MarvelComicsAlamofire */ = {
			isa = PBXGroup;
			children = (
				C1667C9329B886820011EA81 /* Sources */,
				C1667C9229B886770011EA81 /* Resources */,
			);
			path = MarvelComicsAlamofire;
			sourceTree = "<group>";
		};
		C1667C9229B886770011EA81 /* Resources */ = {
			isa = PBXGroup;
			children = (
				C1667C8729B885D20011EA81 /* Assets.xcassets */,
				C1667C8929B885D20011EA81 /* LaunchScreen.storyboard */,
				C1667C8C29B885D20011EA81 /* Info.plist */,
			);
			path = Resources;
			sourceTree = "<group>";
		};
		C1667C9329B886820011EA81 /* Sources */ = {
			isa = PBXGroup;
			children = (
				C1667CA029B8B79A0011EA81 /* Extension */,
				C1667C9429B8868B0011EA81 /* App */,
				C1667C9729B886A30011EA81 /* View */,
				C1667C9629B8869C0011EA81 /* Networking */,
				C1667C9529B8868F0011EA81 /* Model */,
			);
			path = Sources;
			sourceTree = "<group>";
		};
		C1667C9429B8868B0011EA81 /* App */ = {
			isa = PBXGroup;
			children = (
				C1667C7E29B885D00011EA81 /* AppDelegate.swift */,
				C1667C8029B885D00011EA81 /* SceneDelegate.swift */,
			);
			path = App;
			sourceTree = "<group>";
		};
		C1667C9529B8868F0011EA81 /* Model */ = {
			isa = PBXGroup;
			children = (
				C1667CA529B8C7660011EA81 /* ComicModel.swift */,
			);
			path = Model;
			sourceTree = "<group>";
		};
		C1667C9629B8869C0011EA81 /* Networking */ = {
			isa = PBXGroup;
			children = (
				C1667CA729B8C9C60011EA81 /* NetworkingService.swift */,
				C1667CA929B8C9DF0011EA81 /* NetworkingError.swift */,
			);
			path = Networking;
			sourceTree = "<group>";
		};
		C1667C9729B886A30011EA81 /* View */ = {
			isa = PBXGroup;
			children = (
				C1667C8229B885D00011EA81 /* ComicViewController.swift */,
				C1667C9E29B8A0A90011EA81 /* ComicViewCell.swift */,
				C1E8841329B9CF1C005E4B78 /* DetailViewController.swift */,
			);
			path = View;
			sourceTree = "<group>";
		};
		C1667CA029B8B79A0011EA81 /* Extension */ = {
			isa = PBXGroup;
			children = (
				C1667CA129B8B7AB0011EA81 /* UIColor + Ext.swift */,
			);
			path = Extension;
			sourceTree = "<group>";
		};
/* End PBXGroup section */

/* Begin PBXNativeTarget section */
		C1667C7A29B885D00011EA81 /* MarvelComicsAlamofire */ = {
			isa = PBXNativeTarget;
			buildConfigurationList = C1667C8F29B885D20011EA81 /* Build configuration list for PBXNativeTarget "MarvelComicsAlamofire" */;
			buildPhases = (
				C1667C7729B885D00011EA81 /* Sources */,
				C1667C7829B885D00011EA81 /* Frameworks */,
				C1667C7929B885D00011EA81 /* Resources */,
			);
			buildRules = (
			);
			dependencies = (
			);
			name = MarvelComicsAlamofire;
			packageProductDependencies = (
				C1667C9929B888D90011EA81 /* SnapKit */,
				C1667C9C29B888E60011EA81 /* Alamofire */,
			);
			productName = MarvelComicsAlamofire;
			productReference = C1667C7B29B885D00011EA81 /* MarvelComicsAlamofire.app */;
			productType = "com.apple.product-type.application";
		};
/* End PBXNativeTarget section */

/* Begin PBXProject section */
		C1667C7329B885D00011EA81 /* Project object */ = {
			isa = PBXProject;
			attributes = {
				BuildIndependentTargetsInParallel = 1;
				LastSwiftUpdateCheck = 1420;
				LastUpgradeCheck = 1420;
				TargetAttributes = {
					C1667C7A29B885D00011EA81 = {
						CreatedOnToolsVersion = 14.2;
					};
				};
			};
			buildConfigurationList = C1667C7629B885D00011EA81 /* Build configuration list for PBXProject "MarvelComicsAlamofire" */;
			compatibilityVersion = "Xcode 14.0";
			developmentRegion = en;
			hasScannedForEncodings = 0;
			knownRegions = (
				en,
				Base,
			);
			mainGroup = C1667C7229B885D00011EA81;
			packageReferences = (
				C1667C9829B888D80011EA81 /* XCRemoteSwiftPackageReference "SnapKit" */,
				C1667C9B29B888E60011EA81 /* XCRemoteSwiftPackageReference "Alamofire" */,
			);
			productRefGroup = C1667C7C29B885D00011EA81 /* Products */;
			projectDirPath = "";
			projectRoot = "";
			targets = (
				C1667C7A29B885D00011EA81 /* MarvelComicsAlamofire */,
			);
		};
/* End PBXProject section */

/* Begin PBXResourcesBuildPhase section */
		C1667C7929B885D00011EA81 /* Resources */ = {
			isa = PBXResourcesBuildPhase;
			buildActionMask = 2147483647;
			files = (
				C1667C8B29B885D20011EA81 /* LaunchScreen.storyboard in Resources */,
				C1667C8829B885D20011EA81 /* Assets.xcassets in Resources */,
			);
			runOnlyForDeploymentPostprocessing = 0;
		};
/* End PBXResourcesBuildPhase section */

/* Begin PBXSourcesBuildPhase section */
		C1667C7729B885D00011EA81 /* Sources */ = {
			isa = PBXSourcesBuildPhase;
			buildActionMask = 2147483647;
			files = (
				C1E8841429B9CF1C005E4B78 /* DetailViewController.swift in Sources */,
				C1667C8329B885D00011EA81 /* ComicViewController.swift in Sources */,
				C1667C9F29B8A0A90011EA81 /* ComicViewCell.swift in Sources */,
				C1667CAA29B8C9DF0011EA81 /* NetworkingError.swift in Sources */,
				C1667C7F29B885D00011EA81 /* AppDelegate.swift in Sources */,
				C1667CA229B8B7AB0011EA81 /* UIColor + Ext.swift in Sources */,
				C1667C8129B885D00011EA81 /* SceneDelegate.swift in Sources */,
				C1667CA829B8C9C60011EA81 /* NetworkingService.swift in Sources */,
				C1667CA629B8C7660011EA81 /* ComicModel.swift in Sources */,
			);
			runOnlyForDeploymentPostprocessing = 0;
		};
/* End PBXSourcesBuildPhase section */

/* Begin PBXVariantGroup section */
		C1667C8929B885D20011EA81 /* LaunchScreen.storyboard */ = {
			isa = PBXVariantGroup;
			children = (
				C1667C8A29B885D20011EA81 /* Base */,
			);
			name = LaunchScreen.storyboard;
			sourceTree = "<group>";
		};
/* End PBXVariantGroup section */

/* Begin XCBuildConfiguration section */
		C1667C8D29B885D20011EA81 /* Debug */ = {
			isa = XCBuildConfiguration;
			buildSettings = {
				ALWAYS_SEARCH_USER_PATHS = NO;
				CLANG_ANALYZER_NONNULL = YES;
				CLANG_ANALYZER_NUMBER_OBJECT_CONVERSION = YES_AGGRESSIVE;
				CLANG_CXX_LANGUAGE_STANDARD = "gnu++20";
				CLANG_ENABLE_MODULES = YES;
				CLANG_ENABLE_OBJC_ARC = YES;
				CLANG_ENABLE_OBJC_WEAK = YES;
				CLANG_WARN_BLOCK_CAPTURE_AUTORELEASING = YES;
				CLANG_WARN_BOOL_CONVERSION = YES;
				CLANG_WARN_COMMA = YES;
				CLANG_WARN_CONSTANT_CONVERSION = YES;
				CLANG_WARN_DEPRECATED_OBJC_IMPLEMENTATIONS = YES;
				CLANG_WARN_DIRECT_OBJC_ISA_USAGE = YES_ERROR;
				CLANG_WARN_DOCUMENTATION_COMMENTS = YES;
				CLANG_WARN_EMPTY_BODY = YES;
				CLANG_WARN_ENUM_CONVERSION = YES;
				CLANG_WARN_INFINITE_RECURSION = YES;
				CLANG_WARN_INT_CONVERSION = YES;
				CLANG_WARN_NON_LITERAL_NULL_CONVERSION = YES;
				CLANG_WARN_OBJC_IMPLICIT_RETAIN_SELF = YES;
				CLANG_WARN_OBJC_LITERAL_CONVERSION = YES;
				CLANG_WARN_OBJC_ROOT_CLASS = YES_ERROR;
				CLANG_WARN_QUOTED_INCLUDE_IN_FRAMEWORK_HEADER = YES;
				CLANG_WARN_RANGE_LOOP_ANALYSIS = YES;
				CLANG_WARN_STRICT_PROTOTYPES = YES;
				CLANG_WARN_SUSPICIOUS_MOVE = YES;
				CLANG_WARN_UNGUARDED_AVAILABILITY = YES_AGGRESSIVE;
				CLANG_WARN_UNREACHABLE_CODE = YES;
				CLANG_WARN__DUPLICATE_METHOD_MATCH = YES;
				COPY_PHASE_STRIP = NO;
				DEBUG_INFORMATION_FORMAT = dwarf;
				ENABLE_STRICT_OBJC_MSGSEND = YES;
				ENABLE_TESTABILITY = YES;
				GCC_C_LANGUAGE_STANDARD = gnu11;
				GCC_DYNAMIC_NO_PIC = NO;
				GCC_NO_COMMON_BLOCKS = YES;
				GCC_OPTIMIZATION_LEVEL = 0;
				GCC_PREPROCESSOR_DEFINITIONS = (
					"DEBUG=1",
					"$(inherited)",
				);
				GCC_WARN_64_TO_32_BIT_CONVERSION = YES;
				GCC_WARN_ABOUT_RETURN_TYPE = YES_ERROR;
				GCC_WARN_UNDECLARED_SELECTOR = YES;
				GCC_WARN_UNINITIALIZED_AUTOS = YES_AGGRESSIVE;
				GCC_WARN_UNUSED_FUNCTION = YES;
				GCC_WARN_UNUSED_VARIABLE = YES;
				IPHONEOS_DEPLOYMENT_TARGET = 14.0;
				MTL_ENABLE_DEBUG_INFO = INCLUDE_SOURCE;
				MTL_FAST_MATH = YES;
				ONLY_ACTIVE_ARCH = YES;
				SDKROOT = iphoneos;
				SWIFT_ACTIVE_COMPILATION_CONDITIONS = DEBUG;
				SWIFT_OPTIMIZATION_LEVEL = "-Onone";
			};
			name = Debug;
		};
		C1667C8E29B885D20011EA81 /* Release */ = {
			isa = XCBuildConfiguration;
			buildSettings = {
				ALWAYS_SEARCH_USER_PATHS = NO;
				CLANG_ANALYZER_NONNULL = YES;
				CLANG_ANALYZER_NUMBER_OBJECT_CONVERSION = YES_AGGRESSIVE;
				CLANG_CXX_LANGUAGE_STANDARD = "gnu++20";
				CLANG_ENABLE_MODULES = YES;
				CLANG_ENABLE_OBJC_ARC = YES;
				CLANG_ENABLE_OBJC_WEAK = YES;
				CLANG_WARN_BLOCK_CAPTURE_AUTORELEASING = YES;
				CLANG_WARN_BOOL_CONVERSION = YES;
				CLANG_WARN_COMMA = YES;
				CLANG_WARN_CONSTANT_CONVERSION = YES;
				CLANG_WARN_DEPRECATED_OBJC_IMPLEMENTATIONS = YES;
				CLANG_WARN_DIRECT_OBJC_ISA_USAGE = YES_ERROR;
				CLANG_WARN_DOCUMENTATION_COMMENTS = YES;
				CLANG_WARN_EMPTY_BODY = YES;
				CLANG_WARN_ENUM_CONVERSION = YES;
				CLANG_WARN_INFINITE_RECURSION = YES;
				CLANG_WARN_INT_CONVERSION = YES;
				CLANG_WARN_NON_LITERAL_NULL_CONVERSION = YES;
				CLANG_WARN_OBJC_IMPLICIT_RETAIN_SELF = YES;
				CLANG_WARN_OBJC_LITERAL_CONVERSION = YES;
				CLANG_WARN_OBJC_ROOT_CLASS = YES_ERROR;
				CLANG_WARN_QUOTED_INCLUDE_IN_FRAMEWORK_HEADER = YES;
				CLANG_WARN_RANGE_LOOP_ANALYSIS = YES;
				CLANG_WARN_STRICT_PROTOTYPES = YES;
				CLANG_WARN_SUSPICIOUS_MOVE = YES;
				CLANG_WARN_UNGUARDED_AVAILABILITY = YES_AGGRESSIVE;
				CLANG_WARN_UNREACHABLE_CODE = YES;
				CLANG_WARN__DUPLICATE_METHOD_MATCH = YES;
				COPY_PHASE_STRIP = NO;
				DEBUG_INFORMATION_FORMAT = "dwarf-with-dsym";
				ENABLE_NS_ASSERTIONS = NO;
				ENABLE_STRICT_OBJC_MSGSEND = YES;
				GCC_C_LANGUAGE_STANDARD = gnu11;
				GCC_NO_COMMON_BLOCKS = YES;
				GCC_WARN_64_TO_32_BIT_CONVERSION = YES;
				GCC_WARN_ABOUT_RETURN_TYPE = YES_ERROR;
				GCC_WARN_UNDECLARED_SELECTOR = YES;
				GCC_WARN_UNINITIALIZED_AUTOS = YES_AGGRESSIVE;
				GCC_WARN_UNUSED_FUNCTION = YES;
				GCC_WARN_UNUSED_VARIABLE = YES;
				IPHONEOS_DEPLOYMENT_TARGET = 14.0;
				MTL_ENABLE_DEBUG_INFO = NO;
				MTL_FAST_MATH = YES;
				SDKROOT = iphoneos;
				SWIFT_COMPILATION_MODE = wholemodule;
				SWIFT_OPTIMIZATION_LEVEL = "-O";
				VALIDATE_PRODUCT = YES;
			};
			name = Release;
		};
		C1667C9029B885D20011EA81 /* Debug */ = {
			isa = XCBuildConfiguration;
			buildSettings = {
				ASSETCATALOG_COMPILER_APPICON_NAME = AppIcon;
				ASSETCATALOG_COMPILER_GLOBAL_ACCENT_COLOR_NAME = AccentColor;
				CODE_SIGN_STYLE = Automatic;
				CURRENT_PROJECT_VERSION = 1;
				DEVELOPMENT_TEAM = KD67T552T3;
				GENERATE_INFOPLIST_FILE = YES;
				INFOPLIST_FILE = MarvelComicsAlamofire/Resources/Info.plist;
				INFOPLIST_KEY_CFBundleDisplayName = "";
				INFOPLIST_KEY_LSApplicationCategoryType = "";
				INFOPLIST_KEY_UIApplicationSupportsIndirectInputEvents = YES;
				INFOPLIST_KEY_UILaunchStoryboardName = LaunchScreen;
				INFOPLIST_KEY_UISupportedInterfaceOrientations = UIInterfaceOrientationPortrait;
				INFOPLIST_KEY_UISupportedInterfaceOrientations_iPad = "UIInterfaceOrientationLandscapeLeft UIInterfaceOrientationLandscapeRight UIInterfaceOrientationPortrait UIInterfaceOrientationPortraitUpsideDown";
				INFOPLIST_KEY_UIUserInterfaceStyle = Dark;
				IPHONEOS_DEPLOYMENT_TARGET = 14.0;
				LD_RUNPATH_SEARCH_PATHS = (
					"$(inherited)",
					"@executable_path/Frameworks",
				);
				MARKETING_VERSION = 1.0;
				PRODUCT_BUNDLE_IDENTIFIER = com.my.MarvelComicsAlamofire;
				PRODUCT_NAME = "$(TARGET_NAME)";
				SUPPORTED_PLATFORMS = "iphoneos iphonesimulator";
				SUPPORTS_MACCATALYST = NO;
				SUPPORTS_MAC_DESIGNED_FOR_IPHONE_IPAD = NO;
				SWIFT_EMIT_LOC_STRINGS = YES;
				SWIFT_VERSION = 5.0;
				TARGETED_DEVICE_FAMILY = 1;
			};
			name = Debug;
		};
		C1667C9129B885D20011EA81 /* Release */ = {
			isa = XCBuildConfiguration;
			buildSettings = {
				ASSETCATALOG_COMPILER_APPICON_NAME = AppIcon;
				ASSETCATALOG_COMPILER_GLOBAL_ACCENT_COLOR_NAME = AccentColor;
				CODE_SIGN_STYLE = Automatic;
				CURRENT_PROJECT_VERSION = 1;
				DEVELOPMENT_TEAM = KD67T552T3;
				GENERATE_INFOPLIST_FILE = YES;
				INFOPLIST_FILE = MarvelComicsAlamofire/Resources/Info.plist;
				INFOPLIST_KEY_CFBundleDisplayName = "";
				INFOPLIST_KEY_LSApplicationCategoryType = "";
				INFOPLIST_KEY_UIApplicationSupportsIndirectInputEvents = YES;
				INFOPLIST_KEY_UILaunchStoryboardName = LaunchScreen;
				INFOPLIST_KEY_UISupportedInterfaceOrientations = UIInterfaceOrientationPortrait;
				INFOPLIST_KEY_UISupportedInterfaceOrientations_iPad = "UIInterfaceOrientationLandscapeLeft UIInterfaceOrientationLandscapeRight UIInterfaceOrientationPortrait UIInterfaceOrientationPortraitUpsideDown";
				INFOPLIST_KEY_UIUserInterfaceStyle = Dark;
				IPHONEOS_DEPLOYMENT_TARGET = 14.0;
				LD_RUNPATH_SEARCH_PATHS = (
					"$(inherited)",
					"@executable_path/Frameworks",
				);
				MARKETING_VERSION = 1.0;
				PRODUCT_BUNDLE_IDENTIFIER = com.my.MarvelComicsAlamofire;
				PRODUCT_NAME = "$(TARGET_NAME)";
				SUPPORTED_PLATFORMS = "iphoneos iphonesimulator";
				SUPPORTS_MACCATALYST = NO;
				SUPPORTS_MAC_DESIGNED_FOR_IPHONE_IPAD = NO;
				SWIFT_EMIT_LOC_STRINGS = YES;
				SWIFT_VERSION = 5.0;
				TARGETED_DEVICE_FAMILY = 1;
			};
			name = Release;
		};
/* End XCBuildConfiguration section */

/* Begin XCConfigurationList section */
		C1667C7629B885D00011EA81 /* Build configuration list for PBXProject "MarvelComicsAlamofire" */ = {
			isa = XCConfigurationList;
			buildConfigurations = (
				C1667C8D29B885D20011EA81 /* Debug */,
				C1667C8E29B885D20011EA81 /* Release */,
			);
			defaultConfigurationIsVisible = 0;
			defaultConfigurationName = Release;
		};
		C1667C8F29B885D20011EA81 /* Build configuration list for PBXNativeTarget "MarvelComicsAlamofire" */ = {
			isa = XCConfigurationList;
			buildConfigurations = (
				C1667C9029B885D20011EA81 /* Debug */,
				C1667C9129B885D20011EA81 /* Release */,
			);
			defaultConfigurationIsVisible = 0;
			defaultConfigurationName = Release;
		};
/* End XCConfigurationList section */

/* Begin XCRemoteSwiftPackageReference section */
		C1667C9829B888D80011EA81 /* XCRemoteSwiftPackageReference "SnapKit" */ = {
			isa = XCRemoteSwiftPackageReference;
			repositoryURL = "https://github.com/SnapKit/SnapKit.git";
			requirement = {
				branch = develop;
				kind = branch;
			};
		};
		C1667C9B29B888E60011EA81 /* XCRemoteSwiftPackageReference "Alamofire" */ = {
			isa = XCRemoteSwiftPackageReference;
			repositoryURL = "https://github.com/Alamofire/Alamofire.git";
			requirement = {
				branch = master;
				kind = branch;
			};
		};
/* End XCRemoteSwiftPackageReference section */

/* Begin XCSwiftPackageProductDependency section */
		C1667C9929B888D90011EA81 /* SnapKit */ = {
			isa = XCSwiftPackageProductDependency;
			package = C1667C9829B888D80011EA81 /* XCRemoteSwiftPackageReference "SnapKit" */;
			productName = SnapKit;
		};
		C1667C9C29B888E60011EA81 /* Alamofire */ = {
			isa = XCSwiftPackageProductDependency;
			package = C1667C9B29B888E60011EA81 /* XCRemoteSwiftPackageReference "Alamofire" */;
			productName = Alamofire;
		};
/* End XCSwiftPackageProductDependency section */
	};
	rootObject = C1667C7329B885D00011EA81 /* Project object */;
}
